
Microsoft Visual Studio Solution File, Format Version 12.00
# Visual Studio Version 17
VisualStudioVersion = 17.9.34622.214
MinimumVisualStudioVersion = 10.0.40219.1
Project("{2150E333-8FDC-42A3-9474-1A3956D46DE8}") = "src", "src", "{E0D3AF1B-8292-4456-8B3B-012BE37B47BC}"
EndProject
Project("{2150E333-8FDC-42A3-9474-1A3956D46DE8}") = "tests", "tests", "{AA997AD5-0326-4878-B4FF-0C1ABED43954}"
EndProject
Project("{FAE04EC0-301F-11D3-BF4B-00C04F79EFBC}") = "RocketseatAuction.API", "src\RocketseatAuction.API\RocketseatAuction.API.csproj", "{3862A3BE-C5B4-4056-BE9A-0AE3D90221EE}"
EndProject
Global
	GlobalSection(SolutionConfigurationPlatforms) = preSolution
		Debug|Any CPU = Debug|Any CPU
		Release|Any CPU = Release|Any CPU
	EndGlobalSection
	GlobalSection(ProjectConfigurationPlatforms) = postSolution
		{3862A3BE-C5B4-4056-BE9A-0AE3D90221EE}.Debug|Any CPU.ActiveCfg = Debug|Any CPU
		{3862A3BE-C5B4-4056-BE9A-0AE3D90221EE}.Debug|Any CPU.Build.0 = Debug|Any CPU
		{3862A3BE-C5B4-4056-BE9A-0AE3D90221EE}.Release|Any CPU.ActiveCfg = Release|Any CPU
		{3862A3BE-C5B4-4056-BE9A-0AE3D90221EE}.Release|Any CPU.Build.0 = Release|Any CPU
	EndGlobalSection
	GlobalSection(SolutionProperties) = preSolution
		HideSolutionNode = FALSE
	EndGlobalSection
	GlobalSection(NestedProjects) = preSolution
		{3862A3BE-C5B4-4056-BE9A-0AE3D90221EE} = {E0D3AF1B-8292-4456-8B3B-012BE37B47BC}
	EndGlobalSection
	GlobalSection(ExtensibilityGlobals) = postSolution
		SolutionGuid = {5392AA5F-3400-4DD6-B1D2-39137BB2F0C5}
	EndGlobalSection
EndGlobal
